dependencies:
- name: mysql
  repository: https://kubernetes-charts.storage.googleapis.com/
  version: 1.6.2
- name: rabbitmq
  repository: https://kubernetes-charts.storage.googleapis.com/
  version: 6.16.6
- name: rabbitmq-ha
  repository: https://kubernetes-charts.storage.googleapis.com/
  version: 1.38.2
- name: kafka
  repository: https://kubernetes-charts-incubator.storage.googleapis.com/
  version: 0.20.8
- name: prometheus
  repository: https://kubernetes-charts.storage.googleapis.com/
  version: 10.4.0
- name: grafana
  repository: https://kubernetes-charts.storage.googleapis.com/
  version: 4.5.0
digest: sha256:4570ec27082b35475944cbd4d3329fc30bc85f32db5ca1eb14461d0b37fba301
generated: "2020-09-01T11:48:39.1557388-04:00"
